
Microsoft Visual Studio Solution File, Format Version 12.00
# Visual Studio Version 16
VisualStudioVersion = 16.0.30804.86
MinimumVisualStudioVersion = 10.0.40219.1
Project("{FAE04EC0-301F-11D3-BF4B-00C04F79EFBC}") = "WpfGitCalculator", "WpfGitCalculator\WpfGitCalculator.csproj", "{5D187D22-2160-401A-BE37-19104583516F}"
EndProject
Project("{FAE04EC0-301F-11D3-BF4B-00C04F79EFBC}") = "NUnitCalculatorTest", "NUnitCalculatorTest\NUnitCalculatorTest.csproj", "{90D90FCF-3021-49D7-9428-427AF6AED0B5}"
EndProject
Global
	GlobalSection(SolutionConfigurationPlatforms) = preSolution
		Debug|Any CPU = Debug|Any CPU
		Release|Any CPU = Release|Any CPU
	EndGlobalSection
	GlobalSection(ProjectConfigurationPlatforms) = postSolution
		{5D187D22-2160-401A-BE37-19104583516F}.Debug|Any CPU.ActiveCfg = Debug|Any CPU
		{5D187D22-2160-401A-BE37-19104583516F}.Debug|Any CPU.Build.0 = Debug|Any CPU
		{5D187D22-2160-401A-BE37-19104583516F}.Release|Any CPU.ActiveCfg = Release|Any CPU
		{5D187D22-2160-401A-BE37-19104583516F}.Release|Any CPU.Build.0 = Release|Any CPU
		{90D90FCF-3021-49D7-9428-427AF6AED0B5}.Debug|Any CPU.ActiveCfg = Debug|Any CPU
		{90D90FCF-3021-49D7-9428-427AF6AED0B5}.Debug|Any CPU.Build.0 = Debug|Any CPU
		{90D90FCF-3021-49D7-9428-427AF6AED0B5}.Release|Any CPU.ActiveCfg = Release|Any CPU
		{90D90FCF-3021-49D7-9428-427AF6AED0B5}.Release|Any CPU.Build.0 = Release|Any CPU
	EndGlobalSection
	GlobalSection(SolutionProperties) = preSolution
		HideSolutionNode = FALSE
	EndGlobalSection
	GlobalSection(ExtensibilityGlobals) = postSolution
		SolutionGuid = {40178E9E-521D-4FD5-B0DB-FFA1B66C9BA4}
	EndGlobalSection
EndGlobal
